
Microsoft Visual Studio Solution File, Format Version 12.00
# Visual Studio Version 16
VisualStudioVersion = 16.0.30114.105
MinimumVisualStudioVersion = 10.0.40219.1
Project("{FAE04EC0-301F-11D3-BF4B-00C04F79EFBC}") = "ConsoleAppScreenshot", "ConsoleAppScreenshot.csproj", "{BC4C327C-CBA9-4861-B030-DA5B4967E665}"
EndProject
Global
	GlobalSection(SolutionConfigurationPlatforms) = preSolution
		Debug|Any CPU = Debug|Any CPU
		Release|Any CPU = Release|Any CPU
	EndGlobalSection
	GlobalSection(ProjectConfigurationPlatforms) = postSolution
		{BC4C327C-CBA9-4861-B030-DA5B4967E665}.Debug|Any CPU.ActiveCfg = Debug|Any CPU
		{BC4C327C-CBA9-4861-B030-DA5B4967E665}.Debug|Any CPU.Build.0 = Debug|Any CPU
		{BC4C327C-CBA9-4861-B030-DA5B4967E665}.Release|Any CPU.ActiveCfg = Release|Any CPU
		{BC4C327C-CBA9-4861-B030-DA5B4967E665}.Release|Any CPU.Build.0 = Release|Any CPU
	EndGlobalSection
	GlobalSection(SolutionProperties) = preSolution
		HideSolutionNode = FALSE
	EndGlobalSection
	GlobalSection(ExtensibilityGlobals) = postSolution
		SolutionGuid = {D375F4DB-A5DA-460B-A356-157CCDB7BF13}
	EndGlobalSection
EndGlobal
